
Microsoft Visual Studio Solution File, Format Version 12.00
# Visual Studio Version 17
VisualStudioVersion = 17.6.33815.320
MinimumVisualStudioVersion = 10.0.40219.1
Project("{FAE04EC0-301F-11D3-BF4B-00C04F79EFBC}") = "Admin_panal2", "Admin_panal2.csproj", "{CC158296-C1D8-49A0-A73B-4E9708CFB0EE}"
EndProject
Global
	GlobalSection(SolutionConfigurationPlatforms) = preSolution
		Debug|Any CPU = Debug|Any CPU
		Release|Any CPU = Release|Any CPU
	EndGlobalSection
	GlobalSection(ProjectConfigurationPlatforms) = postSolution
		{CC158296-C1D8-49A0-A73B-4E9708CFB0EE}.Debug|Any CPU.ActiveCfg = Debug|Any CPU
		{CC158296-C1D8-49A0-A73B-4E9708CFB0EE}.Debug|Any CPU.Build.0 = Debug|Any CPU
		{CC158296-C1D8-49A0-A73B-4E9708CFB0EE}.Release|Any CPU.ActiveCfg = Release|Any CPU
		{CC158296-C1D8-49A0-A73B-4E9708CFB0EE}.Release|Any CPU.Build.0 = Release|Any CPU
	EndGlobalSection
	GlobalSection(SolutionProperties) = preSolution
		HideSolutionNode = FALSE
	EndGlobalSection
	GlobalSection(ExtensibilityGlobals) = postSolution
		SolutionGuid = {9F28E832-37F5-4599-88C1-C988673F85FF}
	EndGlobalSection
EndGlobal
